
Microsoft Visual Studio Solution File, Format Version 12.00
# Visual Studio Version 17
VisualStudioVersion = 17.2.32602.215
MinimumVisualStudioVersion = 10.0.40219.1
Project("{FAE04EC0-301F-11D3-BF4B-00C04F79EFBC}") = "MISA.WebDEV.Api", "MISA.WebDEV.Api\MISA.WebDEV.Api.csproj", "{175481A6-91C5-407E-ACDF-D3C1F04657D9}"
EndProject
Global
	GlobalSection(SolutionConfigurationPlatforms) = preSolution
		Debug|Any CPU = Debug|Any CPU
		Release|Any CPU = Release|Any CPU
	EndGlobalSection
	GlobalSection(ProjectConfigurationPlatforms) = postSolution
		{175481A6-91C5-407E-ACDF-D3C1F04657D9}.Debug|Any CPU.ActiveCfg = Debug|Any CPU
		{175481A6-91C5-407E-ACDF-D3C1F04657D9}.Debug|Any CPU.Build.0 = Debug|Any CPU
		{175481A6-91C5-407E-ACDF-D3C1F04657D9}.Release|Any CPU.ActiveCfg = Release|Any CPU
		{175481A6-91C5-407E-ACDF-D3C1F04657D9}.Release|Any CPU.Build.0 = Release|Any CPU
	EndGlobalSection
	GlobalSection(SolutionProperties) = preSolution
		HideSolutionNode = FALSE
	EndGlobalSection
	GlobalSection(ExtensibilityGlobals) = postSolution
		SolutionGuid = {34A5C1C3-7135-46A7-BA89-69C92AA6773C}
	EndGlobalSection
EndGlobal
